// !$*UTF8*$!
{
	archiveVersion = 1;
	classes = {
	};
	objectVersion = 46;
	objects = {

/* Begin PBXBuildFile section */
		93A59A111AEDC07E00223F16 /* main.m in Sources */ = {isa = PBXBuildFile; fileRef = 93A59A101AEDC07E00223F16 /* main.m */; };
		93A59A141AEDC07E00223F16 /* AppDelegate.m in Sources */ = {isa = PBXBuildFile; fileRef = 93A59A131AEDC07E00223F16 /* AppDelegate.m */; };
		93A59A171AEDC07E00223F16 /* ViewController.m in Sources */ = {isa = PBXBuildFile; fileRef = 93A59A161AEDC07E00223F16 /* ViewController.m */; };
		93A59A1A1AEDC07E00223F16 /* Main.storyboard in Resources */ = {isa = PBXBuildFile; fileRef = 93A59A181AEDC07E00223F16 /* Main.storyboard */; };
		93A59A1C1AEDC07E00223F16 /* Images.xcassets in Resources */ = {isa = PBXBuildFile; fileRef = 93A59A1B1AEDC07E00223F16 /* Images.xcassets */; };
		93A59A1F1AEDC07E00223F16 /* LaunchScreen.xib in Resources */ = {isa = PBXBuildFile; fileRef = 93A59A1D1AEDC07E00223F16 /* LaunchScreen.xib */; };
		93A59A2B1AEDC07E00223F16 /* Bro2BroTests.m in Sources */ = {isa = PBXBuildFile; fileRef = 93A59A2A1AEDC07E00223F16 /* Bro2BroTests.m */; };
		BFB8B54530A6E7E986FA0D7F /* libPods.a in Frameworks */ = {isa = PBXBuildFile; fileRef = D74C1C98591AFCC6185F7B44 /* libPods.a */; };
/* End PBXBuildFile section */

/* Begin PBXContainerItemProxy section */
		93A59A251AEDC07E00223F16 /* PBXContainerItemProxy */ = {
			isa = PBXContainerItemProxy;
			containerPortal = 93A59A031AEDC07E00223F16 /* Project object */;
			proxyType = 1;
			remoteGlobalIDString = 93A59A0A1AEDC07E00223F16;
			remoteInfo = Bro2Bro;
		};
/* End PBXContainerItemProxy section */

/* Begin PBXFileReference section */
		93A59A0B1AEDC07E00223F16 /* Bro2Bro.app */ = {isa = PBXFileReference; explicitFileType = wrapper.application; includeInIndex = 0; path = Bro2Bro.app; sourceTree = BUILT_PRODUCTS_DIR; };
		93A59A0F1AEDC07E00223F16 /* Info.plist */ = {isa = PBXFileReference; lastKnownFileType = text.plist.xml; path = Info.plist; sourceTree = "<group>"; };
		93A59A101AEDC07E00223F16 /* main.m */ = {isa = PBXFileReference; lastKnownFileType = sourcecode.c.objc; path = main.m; sourceTree = "<group>"; };
		93A59A121AEDC07E00223F16 /* AppDelegate.h */ = {isa = PBXFileReference; lastKnownFileType = sourcecode.c.h; path = AppDelegate.h; sourceTree = "<group>"; };
		93A59A131AEDC07E00223F16 /* AppDelegate.m */ = {isa = PBXFileReference; lastKnownFileType = sourcecode.c.objc; path = AppDelegate.m; sourceTree = "<group>"; };
		93A59A151AEDC07E00223F16 /* ViewController.h */ = {isa = PBXFileReference; lastKnownFileType = sourcecode.c.h; path = ViewController.h; sourceTree = "<group>"; };
		93A59A161AEDC07E00223F16 /* ViewController.m */ = {isa = PBXFileReference; lastKnownFileType = sourcecode.c.objc; path = ViewController.m; sourceTree = "<group>"; };
		93A59A191AEDC07E00223F16 /* Base */ = {isa = PBXFileReference; lastKnownFileType = file.storyboard; name = Base; path = Base.lproj/Main.storyboard; sourceTree = "<group>"; };
		93A59A1B1AEDC07E00223F16 /* Images.xcassets */ = {isa = PBXFileReference; lastKnownFileType = folder.assetcatalog; path = Images.xcassets; sourceTree = "<group>"; };
		93A59A1E1AEDC07E00223F16 /* Base */ = {isa = PBXFileReference; lastKnownFileType = file.xib; name = Base; path = Base.lproj/LaunchScreen.xib; sourceTree = "<group>"; };
		93A59A241AEDC07E00223F16 /* Bro2BroTests.xctest */ = {isa = PBXFileReference; explicitFileType = wrapper.cfbundle; includeInIndex = 0; path = Bro2BroTests.xctest; sourceTree = BUILT_PRODUCTS_DIR; };
		93A59A291AEDC07E00223F16 /* Info.plist */ = {isa = PBXFileReference; lastKnownFileType = text.plist.xml; path = Info.plist; sourceTree = "<group>"; };
		93A59A2A1AEDC07E00223F16 /* Bro2BroTests.m */ = {isa = PBXFileReference; lastKnownFileType = sourcecode.c.objc; path = Bro2BroTests.m; sourceTree = "<group>"; };
		BFB6648D72ADFC7D072B3C45 /* Pods.debug.xcconfig */ = {isa = PBXFileReference; includeInIndex = 1; lastKnownFileType = text.xcconfig; name = Pods.debug.xcconfig; path = "Pods/Target Support Files/Pods/Pods.debug.xcconfig"; sourceTree = "<group>"; };
		D74C1C98591AFCC6185F7B44 /* libPods.a */ = {isa = PBXFileReference; explicitFileType = archive.ar; includeInIndex = 0; path = libPods.a; sourceTree = BUILT_PRODUCTS_DIR; };
		F5EC3CCC322E6DBEF6DD08C3 /* Pods.release.xcconfig */ = {isa = PBXFileReference; includeInIndex = 1; lastKnownFileType = text.xcconfig; name = Pods.release.xcconfig; path = "Pods/Target Support Files/Pods/Pods.release.xcconfig"; sourceTree = "<group>"; };
/* End PBXFileReference section */

/* Begin PBXFrameworksBuildPhase section */
		93A59A081AEDC07E00223F16 /* Frameworks */ = {
			isa = PBXFrameworksBuildPhase;
			buildActionMask = 2147483647;
			files = (
				BFB8B54530A6E7E986FA0D7F /* libPods.a in Frameworks */,
			);
			runOnlyForDeploymentPostprocessing = 0;
		};
		93A59A211AEDC07E00223F16 /* Frameworks */ = {
			isa = PBXFrameworksBuildPhase;
			buildActionMask = 2147483647;
			files = (
			);
			runOnlyForDeploymentPostprocessing = 0;
		};
/* End PBXFrameworksBuildPhase section */

/* Begin PBXGroup section */
		1907C06DC3DCDC87BD20B92F /* Pods */ = {
			isa = PBXGroup;
			children = (
				BFB6648D72ADFC7D072B3C45 /* Pods.debug.xcconfig */,
				F5EC3CCC322E6DBEF6DD08C3 /* Pods.release.xcconfig */,
			);
			name = Pods;
			sourceTree = "<group>";
		};
		93A59A021AEDC07E00223F16 = {
			isa = PBXGroup;
			children = (
				93A59A0D1AEDC07E00223F16 /* Bro2Bro */,
				93A59A271AEDC07E00223F16 /* Bro2BroTests */,
				93A59A0C1AEDC07E00223F16 /* Products */,
				1907C06DC3DCDC87BD20B92F /* Pods */,
				F06629B0129C101B5AE1421E /* Frameworks */,
			);
			sourceTree = "<group>";
		};
		93A59A0C1AEDC07E00223F16 /* Products */ = {
			isa = PBXGroup;
			children = (
				93A59A0B1AEDC07E00223F16 /* Bro2Bro.app */,
				93A59A241AEDC07E00223F16 /* Bro2BroTests.xctest */,
			);
			name = Products;
			sourceTree = "<group>";
		};
		93A59A0D1AEDC07E00223F16 /* Bro2Bro */ = {
			isa = PBXGroup;
			children = (
				93A59A121AEDC07E00223F16 /* AppDelegate.h */,
				93A59A131AEDC07E00223F16 /* AppDelegate.m */,
				93A59A151AEDC07E00223F16 /* ViewController.h */,
				93A59A161AEDC07E00223F16 /* ViewController.m */,
				93A59A181AEDC07E00223F16 /* Main.storyboard */,
				93A59A1B1AEDC07E00223F16 /* Images.xcassets */,
				93A59A1D1AEDC07E00223F16 /* LaunchScreen.xib */,
				93A59A0E1AEDC07E00223F16 /* Supporting Files */,
			);
			path = Bro2Bro;
			sourceTree = "<group>";
		};
		93A59A0E1AEDC07E00223F16 /* Supporting Files */ = {
			isa = PBXGroup;
			children = (
				93A59A0F1AEDC07E00223F16 /* Info.plist */,
				93A59A101AEDC07E00223F16 /* main.m */,
			);
			name = "Supporting Files";
			sourceTree = "<group>";
		};
		93A59A271AEDC07E00223F16 /* Bro2BroTests */ = {
			isa = PBXGroup;
			children = (
				93A59A2A1AEDC07E00223F16 /* Bro2BroTests.m */,
				93A59A281AEDC07E00223F16 /* Supporting Files */,
			);
			path = Bro2BroTests;
			sourceTree = "<group>";
		};
		93A59A281AEDC07E00223F16 /* Supporting Files */ = {
			isa = PBXGroup;
			children = (
				93A59A291AEDC07E00223F16 /* Info.plist */,
			);
			name = "Supporting Files";
			sourceTree = "<group>";
		};
		F06629B0129C101B5AE1421E /* Frameworks */ = {
			isa = PBXGroup;
			children = (
				D74C1C98591AFCC6185F7B44 /* libPods.a */,
			);
			name = Frameworks;
			sourceTree = "<group>";
		};
/* End PBXGroup section */

/* Begin PBXNativeTarget section */
		93A59A0A1AEDC07E00223F16 /* Bro2Bro */ = {
			isa = PBXNativeTarget;
			buildConfigurationList = 93A59A2E1AEDC07E00223F16 /* Build configuration list for PBXNativeTarget "Bro2Bro" */;
			buildPhases = (
				3176FEE0D9CFE1136B3F9177 /* Check Pods Manifest.lock */,
				93A59A071AEDC07E00223F16 /* Sources */,
				93A59A081AEDC07E00223F16 /* Frameworks */,
				93A59A091AEDC07E00223F16 /* Resources */,
				CA6F96C91B9DDC3B5D285A32 /* Copy Pods Resources */,
			);
			buildRules = (
			);
			dependencies = (
			);
			name = Bro2Bro;
			productName = Bro2Bro;
			productReference = 93A59A0B1AEDC07E00223F16 /* Bro2Bro.app */;
			productType = "com.apple.product-type.application";
		};
		93A59A231AEDC07E00223F16 /* Bro2BroTests */ = {
			isa = PBXNativeTarget;
			buildConfigurationList = 93A59A311AEDC07E00223F16 /* Build configuration list for PBXNativeTarget "Bro2BroTests" */;
			buildPhases = (
				93A59A201AEDC07E00223F16 /* Sources */,
				93A59A211AEDC07E00223F16 /* Frameworks */,
				93A59A221AEDC07E00223F16 /* Resources */,
			);
			buildRules = (
			);
			dependencies = (
				93A59A261AEDC07E00223F16 /* PBXTargetDependency */,
			);
			name = Bro2BroTests;
			productName = Bro2BroTests;
			productReference = 93A59A241AEDC07E00223F16 /* Bro2BroTests.xctest */;
			productType = "com.apple.product-type.bundle.unit-test";
		};
/* End PBXNativeTarget section */

/* Begin PBXProject section */
		93A59A031AEDC07E00223F16 /* Project object */ = {
			isa = PBXProject;
			attributes = {
				LastUpgradeCheck = 0630;
				ORGANIZATIONNAME = "nektar labs";
				TargetAttributes = {
					93A59A0A1AEDC07E00223F16 = {
						CreatedOnToolsVersion = 6.3.1;
					};
					93A59A231AEDC07E00223F16 = {
						CreatedOnToolsVersion = 6.3.1;
						TestTargetID = 93A59A0A1AEDC07E00223F16;
					};
				};
			};
			buildConfigurationList = 93A59A061AEDC07E00223F16 /* Build configuration list for PBXProject "Bro2Bro" */;
			compatibilityVersion = "Xcode 3.2";
			developmentRegion = English;
			hasScannedForEncodings = 0;
			knownRegions = (
				en,
				Base,
			);
			mainGroup = 93A59A021AEDC07E00223F16;
			productRefGroup = 93A59A0C1AEDC07E00223F16 /* Products */;
			projectDirPath = "";
			projectRoot = "";
			targets = (
				93A59A0A1AEDC07E00223F16 /* Bro2Bro */,
				93A59A231AEDC07E00223F16 /* Bro2BroTests */,
			);
		};
/* End PBXProject section */

/* Begin PBXResourcesBuildPhase section */
		93A59A091AEDC07E00223F16 /* Resources */ = {
			isa = PBXResourcesBuildPhase;
			buildActionMask = 2147483647;
			files = (
				93A59A1A1AEDC07E00223F16 /* Main.storyboard in Resources */,
				93A59A1F1AEDC07E00223F16 /* LaunchScreen.xib in Resources */,
				93A59A1C1AEDC07E00223F16 /* Images.xcassets in Resources */,
			);
			runOnlyForDeploymentPostprocessing = 0;
		};
		93A59A221AEDC07E00223F16 /* Resources */ = {
			isa = PBXResourcesBuildPhase;
			buildActionMask = 2147483647;
			files = (
			);
			runOnlyForDeploymentPostprocessing = 0;
		};
/* End PBXResourcesBuildPhase section */

/* Begin PBXShellScriptBuildPhase section */
		3176FEE0D9CFE1136B3F9177 /* Check Pods Manifest.lock */ = {
			isa = PBXShellScriptBuildPhase;
			buildActionMask = 2147483647;
			files = (
			);
			inputPaths = (
			);
			name = "Check Pods Manifest.lock";
			outputPaths = (
			);
			runOnlyForDeploymentPostprocessing = 0;
			shellPath = /bin/sh;
			shellScript = "diff \"${PODS_ROOT}/../Podfile.lock\" \"${PODS_ROOT}/Manifest.lock\" > /dev/null\nif [[ $? != 0 ]] ; then\n    cat << EOM\nerror: The sandbox is not in sync with the Podfile.lock. Run 'pod install' or update your CocoaPods installation.\nEOM\n    exit 1\nfi\n";
			showEnvVarsInLog = 0;
		};
		CA6F96C91B9DDC3B5D285A32 /* Copy Pods Resources */ = {
			isa = PBXShellScriptBuildPhase;
			buildActionMask = 2147483647;
			files = (
			);
			inputPaths = (
			);
			name = "Copy Pods Resources";
			outputPaths = (
			);
			runOnlyForDeploymentPostprocessing = 0;
			shellPath = /bin/sh;
			shellScript = "\"${SRCROOT}/Pods/Target Support Files/Pods/Pods-resources.sh\"\n";
			showEnvVarsInLog = 0;
		};
/* End PBXShellScriptBuildPhase section */

/* Begin PBXSourcesBuildPhase section */
		93A59A071AEDC07E00223F16 /* Sources */ = {
			isa = PBXSourcesBuildPhase;
			buildActionMask = 2147483647;
			files = (
				93A59A171AEDC07E00223F16 /* ViewController.m in Sources */,
				93A59A141AEDC07E00223F16 /* AppDelegate.m in Sources */,
				93A59A111AEDC07E00223F16 /* main.m in Sources */,
			);
			runOnlyForDeploymentPostprocessing = 0;
		};
		93A59A201AEDC07E00223F16 /* Sources */ = {
			isa = PBXSourcesBuildPhase;
			buildActionMask = 2147483647;
			files = (
				93A59A2B1AEDC07E00223F16 /* Bro2BroTests.m in Sources */,
			);
			runOnlyForDeploymentPostprocessing = 0;
		};
/* End PBXSourcesBuildPhase section */

/* Begin PBXTargetDependency section */
		93A59A261AEDC07E00223F16 /* PBXTargetDependency */ = {
			isa = PBXTargetDependency;
			target = 93A59A0A1AEDC07E00223F16 /* Bro2Bro */;
			targetProxy = 93A59A251AEDC07E00223F16 /* PBXContainerItemProxy */;
		};
/* End PBXTargetDependency section */

/* Begin PBXVariantGroup section */
		93A59A181AEDC07E00223F16 /* Main.storyboard */ = {
			isa = PBXVariantGroup;
			children = (
				93A59A191AEDC07E00223F16 /* Base */,
			);
			name = Main.storyboard;
			sourceTree = "<group>";
		};
		93A59A1D1AEDC07E00223F16 /* LaunchScreen.xib */ = {
			isa = PBXVariantGroup;
			children = (
				93A59A1E1AEDC07E00223F16 /* Base */,
			);
			name = LaunchScreen.xib;
			sourceTree = "<group>";
		};
/* End PBXVariantGroup section */

/* Begin XCBuildConfiguration section */
		93A59A2C1AEDC07E00223F16 /* Debug */ = {
			isa = XCBuildConfiguration;
			buildSettings = {
				ALWAYS_SEARCH_USER_PATHS = NO;
				CLANG_CXX_LANGUAGE_STANDARD = "gnu++0x";
				CLANG_CXX_LIBRARY = "libc++";
				CLANG_ENABLE_MODULES = YES;
				CLANG_ENABLE_OBJC_ARC = YES;
				CLANG_WARN_BOOL_CONVERSION = YES;
				CLANG_WARN_CONSTANT_CONVERSION = YES;
				CLANG_WARN_DIRECT_OBJC_ISA_USAGE = YES_ERROR;
				CLANG_WARN_EMPTY_BODY = YES;
				CLANG_WARN_ENUM_CONVERSION = YES;
				CLANG_WARN_INT_CONVERSION = YES;
				CLANG_WARN_OBJC_ROOT_CLASS = YES_ERROR;
				CLANG_WARN_UNREACHABLE_CODE = YES;
				CLANG_WARN__DUPLICATE_METHOD_MATCH = YES;
				"CODE_SIGN_IDENTITY[sdk=iphoneos*]" = "iPhone Developer";
				COPY_PHASE_STRIP = NO;
				DEBUG_INFORMATION_FORMAT = "dwarf-with-dsym";
				ENABLE_STRICT_OBJC_MSGSEND = YES;
				GCC_C_LANGUAGE_STANDARD = gnu99;
				GCC_DYNAMIC_NO_PIC = NO;
				GCC_NO_COMMON_BLOCKS = YES;
				GCC_OPTIMIZATION_LEVEL = 0;
				GCC_PREPROCESSOR_DEFINITIONS = (
					"DEBUG=1",
					"$(inherited)",
				);
				GCC_SYMBOLS_PRIVATE_EXTERN = NO;
				GCC_WARN_64_TO_32_BIT_CONVERSION = YES;
				GCC_WARN_ABOUT_RETURN_TYPE = YES_ERROR;
				GCC_WARN_UNDECLARED_SELECTOR = YES;
				GCC_WARN_UNINITIALIZED_AUTOS = YES_AGGRESSIVE;
				GCC_WARN_UNUSED_FUNCTION = YES;
				GCC_WARN_UNUSED_VARIABLE = YES;
				IPHONEOS_DEPLOYMENT_TARGET = 8.0;
				MTL_ENABLE_DEBUG_INFO = YES;
				ONLY_ACTIVE_ARCH = YES;
				SDKROOT = iphoneos;
			};
			name = Debug;
		};
		93A59A2D1AEDC07E00223F16 /* Release */ = {
			isa = XCBuildConfiguration;
			buildSettings = {
				ALWAYS_SEARCH_USER_PATHS = NO;
				CLANG_CXX_LANGUAGE_STANDARD = "gnu++0x";
				CLANG_CXX_LIBRARY = "libc++";
				CLANG_ENABLE_MODULES = YES;
				CLANG_ENABLE_OBJC_ARC = YES;
				CLANG_WARN_BOOL_CONVERSION = YES;
				CLANG_WARN_CONSTANT_CONVERSION = YES;
				CLANG_WARN_DIRECT_OBJC_ISA_USAGE = YES_ERROR;
				CLANG_WARN_EMPTY_BODY = YES;
				CLANG_WARN_ENUM_CONVERSION = YES;
				CLANG_WARN_INT_CONVERSION = YES;
				CLANG_WARN_OBJC_ROOT_CLASS = YES_ERROR;
				CLANG_WARN_UNREACHABLE_CODE = YES;
				CLANG_WARN__DUPLICATE_METHOD_MATCH = YES;
				"CODE_SIGN_IDENTITY[sdk=iphoneos*]" = "iPhone Developer";
				COPY_PHASE_STRIP = NO;
				DEBUG_INFORMATION_FORMAT = "dwarf-with-dsym";
				ENABLE_NS_ASSERTIONS = NO;
				ENABLE_STRICT_OBJC_MSGSEND = YES;
				GCC_C_LANGUAGE_STANDARD = gnu99;
				GCC_NO_COMMON_BLOCKS = YES;
				GCC_WARN_64_TO_32_BIT_CONVERSION = YES;
				GCC_WARN_ABOUT_RETURN_TYPE = YES_ERROR;
				GCC_WARN_UNDECLARED_SELECTOR = YES;
				GCC_WARN_UNINITIALIZED_AUTOS = YES_AGGRESSIVE;
				GCC_WARN_UNUSED_FUNCTION = YES;
				GCC_WARN_UNUSED_VARIABLE = YES;
				IPHONEOS_DEPLOYMENT_TARGET = 8.0;
				MTL_ENABLE_DEBUG_INFO = NO;
				SDKROOT = iphoneos;
				VALIDATE_PRODUCT = YES;
			};
			name = Release;
		};
		93A59A2F1AEDC07E00223F16 /* Debug */ = {
			isa = XCBuildConfiguration;
			baseConfigurationReference = BFB6648D72ADFC7D072B3C45 /* Pods.debug.xcconfig */;
			buildSettings = {
				ASSETCATALOG_COMPILER_APPICON_NAME = AppIcon;
				INFOPLIST_FILE = Bro2Bro/Info.plist;
				LD_RUNPATH_SEARCH_PATHS = "$(inherited) @executable_path/Frameworks";
				PRODUCT_NAME = "$(TARGET_NAME)";
			};
			name = Debug;
		};
		93A59A301AEDC07E00223F16 /* Release */ = {
			isa = XCBuildConfiguration;
			baseConfigurationReference = F5EC3CCC322E6DBEF6DD08C3 /* Pods.release.xcconfig */;
			buildSettings = {
				ASSETCATALOG_COMPILER_APPICON_NAME = AppIcon;
				INFOPLIST_FILE = Bro2Bro/Info.plist;
				LD_RUNPATH_SEARCH_PATHS = "$(inherited) @executable_path/Frameworks";
				PRODUCT_NAME = "$(TARGET_NAME)";
			};
			name = Release;
		};
		93A59A321AEDC07E00223F16 /* Debug */ = {
			isa = XCBuildConfiguration;
			buildSettings = {
				BUNDLE_LOADER = "$(TEST_HOST)";
				FRAMEWORK_SEARCH_PATHS = (
					"$(SDKROOT)/Developer/Library/Frameworks",
					"$(inherited)",
				);
				GCC_PREPROCESSOR_DEFINITIONS = (
					"DEBUG=1",
					"$(inherited)",
				);
				INFOPLIST_FILE = Bro2BroTests/Info.plist;
				LD_RUNPATH_SEARCH_PATHS = "$(inherited) @executable_path/Frameworks @loader_path/Frameworks";
				PRODUCT_NAME = "$(TARGET_NAME)";
				TEST_HOST = "$(BUILT_PRODUCTS_DIR)/Bro2Bro.app/Bro2Bro";
			};
			name = Debug;
		};
		93A59A331AEDC07E00223F16 /* Release */ = {
			isa = XCBuildConfiguration;
			buildSettings = {
				BUNDLE_LOADER = "$(TEST_HOST)";
				FRAMEWORK_SEARCH_PATHS = (
					"$(SDKROOT)/Developer/Library/Frameworks",
					"$(inherited)",
				);
				INFOPLIST_FILE = Bro2BroTests/Info.plist;
				LD_RUNPATH_SEARCH_PATHS = "$(inherited) @executable_path/Frameworks @loader_path/Frameworks";
				PRODUCT_NAME = "$(TARGET_NAME)";
				TEST_HOST = "$(BUILT_PRODUCTS_DIR)/Bro2Bro.app/Bro2Bro";
			};
			name = Release;
		};
/* End XCBuildConfiguration section */

/* Begin XCConfigurationList section */
		93A59A061AEDC07E00223F16 /* Build configuration list for PBXProject "Bro2Bro" */ = {
			isa = XCConfigurationList;
			buildConfigurations = (
				93A59A2C1AEDC07E00223F16 /* Debug */,
				93A59A2D1AEDC07E00223F16 /* Release */,
			);
			defaultConfigurationIsVisible = 0;
			defaultConfigurationName = Release;
		};
		93A59A2E1AEDC07E00223F16 /* Build configuration list for PBXNativeTarget "Bro2Bro" */ = {
			isa = XCConfigurationList;
			buildConfigurations = (
				93A59A2F1AEDC07E00223F16 /* Debug */,
				93A59A301AEDC07E00223F16 /* Release */,
			);
			defaultConfigurationIsVisible = 0;
			defaultConfigurationName = Release;
		};
		93A59A311AEDC07E00223F16 /* Build configuration list for PBXNativeTarget "Bro2BroTests" */ = {
			isa = XCConfigurationList;
			buildConfigurations = (
				93A59A321AEDC07E00223F16 /* Debug */,
				93A59A331AEDC07E00223F16 /* Release */,
			);
			defaultConfigurationIsVisible = 0;
			defaultConfigurationName = Release;
		};
/* End XCConfigurationList section */
	};
	rootObject = 93A59A031AEDC07E00223F16 /* Project object */;
}
